{
  "lockfileVersion": 1,
  "configVersion": 1,
  "workspaces": {
    "": {
      "name": "open-mem",
      "dependencies": {
        "@ai-sdk/amazon-bedrock": "^4.0.51",
        "@ai-sdk/anthropic": "^3.0.38",
        "@ai-sdk/google": "^3.0.22",
        "@ai-sdk/openai-compatible": "^2.0.47",
        "@clack/prompts": "^0.10.1",
        "@openrouter/ai-sdk-provider": "^2.1.1",
        "ai": "^6.0.77",
        "sqlite-vec": "^0.1.7-alpha.2",
        "zod": "^4.3.6",
      },
      "devDependencies": {
        "@biomejs/biome": "^2.3.14",
        "@types/bun": "latest",
        "hono": "^4.11.8",
        "typescript": "^5.7.0",
      },
    },
  },
  "packages": {
    "@ai-sdk/amazon-bedrock": ["@ai-sdk/amazon-bedrock@4.0.105", "", { "dependencies": { "@ai-sdk/anthropic": "3.0.77", "@ai-sdk/provider": "3.0.10", "@ai-sdk/provider-utils": "4.0.27", "@smithy/eventstream-codec": "^4.0.1", "@smithy/util-utf8": "^4.0.0", "aws4fetch": "^1.0.20" }, "peerDependencies": { "zod": "^3.25.76 || ^4.1.8" } }, "sha512-mNnJeRTIYRL2I2MS9ElRJTFMSeHqbx5EMCVsIlEKKTI4+2O+Zu0K7Rtp16HRXtxMepJF1Y756rAmUm/JvuXOGg=="],

    "@ai-sdk/anthropic": ["@ai-sdk/anthropic@3.0.77", "", { "dependencies": { "@ai-sdk/provider": "3.0.10", "@ai-sdk/provider-utils": "4.0.27" }, "peerDependencies": { "zod": "^3.25.76 || ^4.1.8" } }, "sha512-ML8C2M1YvPA1ulEx4TiyF0k1xvC2ikEiPBIC1PPQ0a5xELUGrO2lAaEzsTEoJ+eCeDd8PSBuFJjs+r+9yIwQXA=="],

    "@ai-sdk/gateway": ["@ai-sdk/gateway@3.0.114", "", { "dependencies": { "@ai-sdk/provider": "3.0.10", "@ai-sdk/provider-utils": "4.0.27", "@vercel/oidc": "3.2.0" }, "peerDependencies": { "zod": "^3.25.76 || ^4.1.8" } }, "sha512-MqkZ5sd+qiq6RgIxELkoFQXg2/JwK+WCMaot7U+rtrZpWJl3fSyYvc28SC03b256o4F7OXjQtdjTqs81B2w+dA=="],

    "@ai-sdk/google": ["@ai-sdk/google@3.0.73", "", { "dependencies": { "@ai-sdk/provider": "3.0.10", "@ai-sdk/provider-utils": "4.0.27" }, "peerDependencies": { "zod": "^3.25.76 || ^4.1.8" } }, "sha512-o2MuIeyvZrFIeIbnbA8Thrr63irdyUBh0uWBZ2lY6yFeXuE/tcwyXF74bDKS4KvTu84uFpQfpbS/LXHGKKXz+g=="],

    "@ai-sdk/openai-compatible": ["@ai-sdk/openai-compatible@2.0.47", "", { "dependencies": { "@ai-sdk/provider": "3.0.10", "@ai-sdk/provider-utils": "4.0.27" }, "peerDependencies": { "zod": "^3.25.76 || ^4.1.8" } }, "sha512-Enm5UlL0zUCrW3792opk5h7hRWxZOZzDe6eQYVFqX9LUOGGCe1h8MZWAGim765nwzgnjlpeYOsuzZmLtRsTPlg=="],

    "@ai-sdk/provider": ["@ai-sdk/provider@3.0.10", "", { "dependencies": { "json-schema": "^0.4.0" } }, "sha512-Q3BZ27qfpYqnCYGvE3vt+Qi6LGOF9R5Nmzn+9JoM1lCRsD9mYaIhfJLkSunN48nfGXJ6n+XNV0J/XVpqGQl7Dw=="],

    "@ai-sdk/provider-utils": ["@ai-sdk/provider-utils@4.0.27", "", { "dependencies": { "@ai-sdk/provider": "3.0.10", "@standard-schema/spec": "^1.1.0", "eventsource-parser": "^3.0.8" }, "peerDependencies": { "zod": "^3.25.76 || ^4.1.8" } }, "sha512-ubkAJ+xODouwtmN1tYlvTPphH1hPOBfZaEQe8U7skGvFAnIRs9PPpsq57bC2+Ky/MB4yzhd6YOsxTAx9sGpazw=="],

    "@aws-crypto/crc32": ["@aws-crypto/crc32@5.2.0", "", { "dependencies": { "@aws-crypto/util": "^5.2.0", "@aws-sdk/types": "^3.222.0", "tslib": "^2.6.2" } }, "sha512-nLbCWqQNgUiwwtFsen1AdzAtvuLRsQS8rYgMuxCrdKf9kOssamGLuPwyTY9wyYblNr9+1XM8v6zoDTPPSIeANg=="],

    "@aws-crypto/util": ["@aws-crypto/util@5.2.0", "", { "dependencies": { "@aws-sdk/types": "^3.222.0", "@smithy/util-utf8": "^2.0.0", "tslib": "^2.6.2" } }, "sha512-4RkU9EsI6ZpBve5fseQlGNUWKMa1RLPQ1dnjnQoe07ldfIzcsGb5hC5W0Dm7u423KWzawlrpbjXBrXCEv9zazQ=="],

    "@aws-sdk/types": ["@aws-sdk/types@3.973.8", "", { "dependencies": { "@smithy/types": "^4.14.1", "tslib": "^2.6.2" } }, "sha512-gjlAdtHMbtR9X5iIhVUvbVcy55KnznpC6bkDUWW9z915bi0ckdUr5cjf16Kp6xq0bP5HBD2xzgbL9F9Quv5vUw=="],

    "@biomejs/biome": ["@biomejs/biome@2.4.15", "", { "optionalDependencies": { "@biomejs/cli-darwin-arm64": "2.4.15", "@biomejs/cli-darwin-x64": "2.4.15", "@biomejs/cli-linux-arm64": "2.4.15", "@biomejs/cli-linux-arm64-musl": "2.4.15", "@biomejs/cli-linux-x64": "2.4.15", "@biomejs/cli-linux-x64-musl": "2.4.15", "@biomejs/cli-win32-arm64": "2.4.15", "@biomejs/cli-win32-x64": "2.4.15" }, "bin": { "biome": "bin/biome" } }, "sha512-j5VH3a/h/HXTKBM50MDMxRCzkeLv9S2XJcW2WgnZT1+xyisi+0bISrXR82gCX+8S9lvK0skEvHJRN+3Ktr2hlw=="],

    "@biomejs/cli-darwin-arm64": ["@biomejs/cli-darwin-arm64@2.4.15", "", { "os": "darwin", "cpu": "arm64" }, "sha512-rF3PPqLq1yoST79zaQbDjVJwsuIeci/O+9bgNmC5QpgOqz6aqYuzA4abyAGx+mgyiDXn4A049xAN8gijbuR1Qg=="],

    "@biomejs/cli-darwin-x64": ["@biomejs/cli-darwin-x64@2.4.15", "", { "os": "darwin", "cpu": "x64" }, "sha512-/5KHXYMfSJs1fNXiX30xFtI8JcCFV6zaVVLxOa0M2sfqBKHkpQhRTv94yxQWxeTY2lzo2OuTlNvPC+hDQt2wcQ=="],

    "@biomejs/cli-linux-arm64": ["@biomejs/cli-linux-arm64@2.4.15", "", { "os": "linux", "cpu": "arm64" }, "sha512-owaAMZD/T4LrD0ELNCk0Km3qrRHuM0X6EAyVE1FSqGY0rbLoiDLrO4Us2tllm6cAeB2Ioa9C2C08NZPdr8+0Ug=="],

    "@biomejs/cli-linux-arm64-musl": ["@biomejs/cli-linux-arm64-musl@2.4.15", "", { "os": "linux", "cpu": "arm64" }, "sha512-ZPcxznxm0pogHBLZhYntyR3sR+MrZjqJIKEr7ZqVen0Rl+P/4upVmfYXjftizi9RoqZntg33fv/1fbdhbYXpEQ=="],

    "@biomejs/cli-linux-x64": ["@biomejs/cli-linux-x64@2.4.15", "", { "os": "linux", "cpu": "x64" }, "sha512-0jj7THz12GbUOLmMibktK6DZjqz2zV64KFxyBtcFTKPiiOIY0a7vns1elpO1dERvxpsZ5ik0oFfz0oGwFde1+g=="],

    "@biomejs/cli-linux-x64-musl": ["@biomejs/cli-linux-x64-musl@2.4.15", "", { "os": "linux", "cpu": "x64" }, "sha512-CNq/9W38SYSH023lfcQ4KKU8K0YX8T//FZUhcgtMMRABDojx5XsMV7jlweAvGSl389wJQB29Qo6Zb/a+jdvt+w=="],

    "@biomejs/cli-win32-arm64": ["@biomejs/cli-win32-arm64@2.4.15", "", { "os": "win32", "cpu": "arm64" }, "sha512-ouhkYdlhp/1GghEJPdWwD/Vi3gQ1nFxuSpMolWsbq3Lsq3QUR4jl6UdhhscdCugKU5vOEuMiJhvKj66O0OCq+w=="],

    "@biomejs/cli-win32-x64": ["@biomejs/cli-win32-x64@2.4.15", "", { "os": "win32", "cpu": "x64" }, "sha512-zBrGq5mx5wwpnow4+2BxUvleDM+GNd4sLbPaMapsSLQLD0NGRCquqPBTgN+7XkUteHvj7M+BstuI8tmnV7+HgQ=="],

    "@clack/core": ["@clack/core@0.4.2", "", { "dependencies": { "picocolors": "^1.0.0", "sisteransi": "^1.0.5" } }, "sha512-NYQfcEy8MWIxrT5Fj8nIVchfRFA26yYKJcvBS7WlUIlw2OmQOY9DhGGXMovyI5J5PpxrCPGkgUi207EBrjpBvg=="],

    "@clack/prompts": ["@clack/prompts@0.10.1", "", { "dependencies": { "@clack/core": "0.4.2", "picocolors": "^1.0.0", "sisteransi": "^1.0.5" } }, "sha512-Q0T02vx8ZM9XSv9/Yde0jTmmBQufZhPJfYAg2XrrrxWWaZgq1rr8nU8Hv710BQ1dhoP8rtY7YUdpGej2Qza/cw=="],

    "@openrouter/ai-sdk-provider": ["@openrouter/ai-sdk-provider@2.9.0", "", { "peerDependencies": { "ai": "^6.0.0", "zod": "^3.25.0 || ^4.0.0" } }, "sha512-Seva+NCa0WUQnJIUE5GzHsUv1WTIeyqwz0ELl2VtS6NP+eF+77yCXGFVOMbvoCM7QMjlnhv7931e89R+8pJdcQ=="],

    "@opentelemetry/api": ["@opentelemetry/api@1.9.1", "", {}, "sha512-gLyJlPHPZYdAk1JENA9LeHejZe1Ti77/pTeFm/nMXmQH/HFZlcS/O2XJB+L8fkbrNSqhdtlvjBVjxwUYanNH5Q=="],

    "@smithy/core": ["@smithy/core@3.24.2", "", { "dependencies": { "@aws-crypto/crc32": "5.2.0", "@smithy/types": "^4.14.1", "tslib": "^2.6.2" } }, "sha512-IKS7qX59fAGCYBmt5JChcDswQDupZqT2Yn2ZBA3UgTlsjRNNkQzZobbn95xoAAdtTyJmBiJB3Y02qR3rgy3Zog=="],

    "@smithy/eventstream-codec": ["@smithy/eventstream-codec@4.3.2", "", { "dependencies": { "@smithy/core": "^3.24.2", "tslib": "^2.6.2" } }, "sha512-o5vbgeviqo25wICV4Bgh3lC+iyFITJLj9b8sdLPBPIb3WUJFLVaMOpsinN3nwdfjRSdw57q7C7hZi2axc62Ohg=="],

    "@smithy/is-array-buffer": ["@smithy/is-array-buffer@2.2.0", "", { "dependencies": { "tslib": "^2.6.2" } }, "sha512-GGP3O9QFD24uGeAXYUjwSTXARoqpZykHadOmA8G5vfJPK0/DC67qa//0qvqrJzL1xc8WQWX7/yc7fwudjPHPhA=="],

    "@smithy/types": ["@smithy/types@4.14.1", "", { "dependencies": { "tslib": "^2.6.2" } }, "sha512-59b5HtSVrVR/eYNei3BUj3DCPKD/G7EtDDe7OEJE7i7FtQFugYo6MxbotS8mVJkLNVf8gYaAlEBwwtJ9HzhWSg=="],

    "@smithy/util-buffer-from": ["@smithy/util-buffer-from@2.2.0", "", { "dependencies": { "@smithy/is-array-buffer": "^2.2.0", "tslib": "^2.6.2" } }, "sha512-IJdWBbTcMQ6DA0gdNhh/BwrLkDR+ADW5Kr1aZmd4k3DIF6ezMV4R2NIAmT08wQJ3yUK82thHWmC/TnK/wpMMIA=="],

    "@smithy/util-utf8": ["@smithy/util-utf8@4.3.2", "", { "dependencies": { "@smithy/core": "^3.24.2", "tslib": "^2.6.2" } }, "sha512-Bswgu9zDwZRp5HBQKIaW6QrKrbwQ9RuOyAg2adsIjJTHA2SmE0XXBk+mYP82Ay6I3XzkY5lM7K9R0XZDFzJ3tw=="],

    "@standard-schema/spec": ["@standard-schema/spec@1.1.0", "", {}, "sha512-l2aFy5jALhniG5HgqrD6jXLi/rUWrKvqN/qJx6yoJsgKhblVd+iqqU4RCXavm/jPityDo5TCvKMnpjKnOriy0w=="],

    "@types/bun": ["@types/bun@1.3.14", "", { "dependencies": { "bun-types": "1.3.14" } }, "sha512-h1hFqFVcvAvD9j9K7ZW7vd82aSA+rTdznZa+5bwvCwqSB1jmmfLcbIWhOLx1/+boy/xmjgCs/OMUL8hRJSmnPw=="],

    "@types/node": ["@types/node@25.7.0", "", { "dependencies": { "undici-types": "~7.21.0" } }, "sha512-z+pdZyxE+RTQE9AcboAZCb4otwcrvgHD+GlBpPgn0emDVt0ohrTMhAwlr2Wd9nZ+nihhYFxO2pThz3C5qSu2Eg=="],

    "@vercel/oidc": ["@vercel/oidc@3.2.0", "", {}, "sha512-UycprH3T6n3jH0k44NHMa7pnFHGu/N05MjojYr+Mc6I7obkoLIJujSWwin1pCvdy/eOxrI/l3uDLQsmcrOb4ug=="],

    "ai": ["ai@6.0.182", "", { "dependencies": { "@ai-sdk/gateway": "3.0.114", "@ai-sdk/provider": "3.0.10", "@ai-sdk/provider-utils": "4.0.27", "@opentelemetry/api": "^1.9.0" }, "peerDependencies": { "zod": "^3.25.76 || ^4.1.8" } }, "sha512-ooJdziFjYrYRcsCx107roqA8gDTI3P82nUfroNWIhVvwrkYzEN3W1l50YK+XNqkUew8AiimaW0/SLBewRXMuHQ=="],

    "aws4fetch": ["aws4fetch@1.0.20", "", {}, "sha512-/djoAN709iY65ETD6LKCtyyEI04XIBP5xVvfmNxsEP0uJB5tyaGBztSryRr4HqMStr9R06PisQE7m9zDTXKu6g=="],

    "bun-types": ["bun-types@1.3.14", "", { "dependencies": { "@types/node": "*" } }, "sha512-4N0ig0fEomHt5R0KCFWjovxow98rIoRwKolrYdCcknNwMekCXRnWEUvgu5soYV8QXtVsrUD8B95MBOZGPvr6KQ=="],

    "eventsource-parser": ["eventsource-parser@3.0.8", "", {}, "sha512-70QWGkr4snxr0OXLRWsFLeRBIRPuQOvt4s8QYjmUlmlkyTZkRqS7EDVRZtzU3TiyDbXSzaOeF0XUKy8PchzukQ=="],

    "hono": ["hono@4.12.18", "", {}, "sha512-RWzP96k/yv0PQfyXnWjs6zot20TqfpfsNXhOnev8d1InAxubW93L11/oNUc3tQqn2G0bSdAOBpX+2uDFHV7kdQ=="],

    "json-schema": ["json-schema@0.4.0", "", {}, "sha512-es94M3nTIfsEPisRafak+HDLfHXnKBhV3vU5eqPcS3flIWqcxJWgXHXiey3YrpaNsanY5ei1VoYEbOzijuq9BA=="],

    "picocolors": ["picocolors@1.1.1", "", {}, "sha512-xceH2snhtb5M9liqDsmEw56le376mTZkEX/jEb/RxNFyegNul7eNslCXP9FDj/Lcu0X8KEyMceP2ntpaHrDEVA=="],

    "sisteransi": ["sisteransi@1.0.5", "", {}, "sha512-bLGGlR1QxBcynn2d5YmDX4MGjlZvy2MRBDRNHLJ8VI6l6+9FUiyTFNJ0IveOSP0bcXgVDPRcfGqA0pjaqUpfVg=="],

    "sqlite-vec": ["sqlite-vec@0.1.9", "", { "optionalDependencies": { "sqlite-vec-darwin-arm64": "0.1.9", "sqlite-vec-darwin-x64": "0.1.9", "sqlite-vec-linux-arm64": "0.1.9", "sqlite-vec-linux-x64": "0.1.9", "sqlite-vec-windows-x64": "0.1.9" } }, "sha512-L7XJWRIBNvR9O5+vh1FQ+IGkh/3D2AzVksW5gdtk28m78Hy8skFD0pqReKH1Yp0/BUKRGcffgKvyO/EON5JXpA=="],

    "sqlite-vec-darwin-arm64": ["sqlite-vec-darwin-arm64@0.1.9", "", { "os": "darwin", "cpu": "arm64" }, "sha512-jSsZpE42OfBkGL/ItyJTVCUwl6o6Ka3U5rc4j+UBDIQzC1ulSSKMEhQLthsOnF/MdAf1MuAkYhkdKmmcjaIZQg=="],

    "sqlite-vec-darwin-x64": ["sqlite-vec-darwin-x64@0.1.9", "", { "os": "darwin", "cpu": "x64" }, "sha512-KDlVyqQT7pnOhU1ymB9gs7dMbSoVmKHitT+k1/xkjarcX8bBqPxWrGlK/R+C5WmWkfvWwyq5FfXfiBYCBs6PlA=="],

    "sqlite-vec-linux-arm64": ["sqlite-vec-linux-arm64@0.1.9", "", { "os": "linux", "cpu": "arm64" }, "sha512-5wXVJ9c9kR4CHm/wVqXb/R+XUHTdpZ4nWbPHlS+gc9qQFVHs92Km4bPnCKX4rtcPMzvNis+SIzMJR1SCEwpuUw=="],

    "sqlite-vec-linux-x64": ["sqlite-vec-linux-x64@0.1.9", "", { "os": "linux", "cpu": "x64" }, "sha512-w3tCH8xK2finW8fQJ/m8uqKodXUZ9KAuAar2UIhz4BHILfpE0WM/MTGCRfa7RjYbrYim5Luk3guvMOGI7T7JQA=="],

    "sqlite-vec-windows-x64": ["sqlite-vec-windows-x64@0.1.9", "", { "os": "win32", "cpu": "x64" }, "sha512-y3gEIyy/17bq2QFPQOWLE68TYWcRZkBQVA2XLrTPHNTOp55xJi/BBBmOm40tVMDMjtP+Elpk6UBUXdaq+46b0Q=="],

    "tslib": ["tslib@2.8.1", "", {}, "sha512-oJFu94HQb+KVduSUQL7wnpmqnfmLsOA/nAh6b6EH0wCEoK0/mPeXU6c3wKDV83MkOuHPRHtSXKKU99IBazS/2w=="],

    "typescript": ["typescript@5.9.3", "", { "bin": { "tsc": "bin/tsc", "tsserver": "bin/tsserver" } }, "sha512-jl1vZzPDinLr9eUt3J/t7V6FgNEw9QjvBPdysz9KfQDD41fQrC2Y4vKQdiaUpFT4bXlb1RHhLpp8wtm6M5TgSw=="],

    "undici-types": ["undici-types@7.21.0", "", {}, "sha512-w9IMgQrz4O0YN1LtB7K5P63vhlIOvC7opSmouCJ+ZywlPAlO9gIkJ+otk6LvGpAs2wg4econaCz3TvQ9xPoyuQ=="],

    "zod": ["zod@4.4.3", "", {}, "sha512-ytENFjIJFl2UwYglde2jchW2Hwm4GJFLDiSXWdTrJQBIN9Fcyp7n4DhxJEiWNAJMV1/BqWfW/kkg71UDcHJyTQ=="],

    "@aws-crypto/util/@smithy/util-utf8": ["@smithy/util-utf8@2.3.0", "", { "dependencies": { "@smithy/util-buffer-from": "^2.2.0", "tslib": "^2.6.2" } }, "sha512-R8Rdn8Hy72KKcebgLiv8jQcQkXoLMOGGv5uI1/k0l+snqkOzQ1R0ChUBCxWMlBsFMekWjq0wRudIweFs7sKT5A=="],
  }
}
